// !$*UTF8*$!
{
	archiveVersion = 1;
	classes = {
	};
	objectVersion = 50;
	objects = {

/* Begin PBXBuildFile section */
		A2101745259743BB004BF7C2 /* APIClient.swift in Sources */ = {isa = PBXBuildFile; fileRef = A2101744259743BB004BF7C2 /* APIClient.swift */; };
		A210174B259746D2004BF7C2 /* APIError.swift in Sources */ = {isa = PBXBuildFile; fileRef = A210174A259746D2004BF7C2 /* APIError.swift */; };
		A210174F25974E16004BF7C2 /* APIProtocol.swift in Sources */ = {isa = PBXBuildFile; fileRef = A210174E25974E16004BF7C2 /* APIProtocol.swift */; };
		A21017552597531C004BF7C2 /* APIConstant.swift in Sources */ = {isa = PBXBuildFile; fileRef = A21017542597531C004BF7C2 /* APIConstant.swift */; };
		A210175A25975515004BF7C2 /* User.swift in Sources */ = {isa = PBXBuildFile; fileRef = A210175925975515004BF7C2 /* User.swift */; };
		A2101760259755A9004BF7C2 /* QiitaItem.swift in Sources */ = {isa = PBXBuildFile; fileRef = A210175F259755A9004BF7C2 /* QiitaItem.swift */; };
		A210176425975607004BF7C2 /* Tag.swift in Sources */ = {isa = PBXBuildFile; fileRef = A210176325975607004BF7C2 /* Tag.swift */; };
		A210176925975672004BF7C2 /* QiitaItemRequest.swift in Sources */ = {isa = PBXBuildFile; fileRef = A210176825975672004BF7C2 /* QiitaItemRequest.swift */; };
		A210177025975A56004BF7C2 /* ViewModel.swift in Sources */ = {isa = PBXBuildFile; fileRef = A210176F25975A56004BF7C2 /* ViewModel.swift */; };
		A210177725975C33004BF7C2 /* Repository.swift in Sources */ = {isa = PBXBuildFile; fileRef = A210177625975C33004BF7C2 /* Repository.swift */; };
		A210177E25975CCD004BF7C2 /* UseCase.swift in Sources */ = {isa = PBXBuildFile; fileRef = A210177D25975CCD004BF7C2 /* UseCase.swift */; };
		A210178425975E75004BF7C2 /* ListView.swift in Sources */ = {isa = PBXBuildFile; fileRef = A210178325975E75004BF7C2 /* ListView.swift */; };
		A2101788259760E6004BF7C2 /* DetailView.swift in Sources */ = {isa = PBXBuildFile; fileRef = A2101787259760E6004BF7C2 /* DetailView.swift */; };
		A210179525977C3F004BF7C2 /* URLImageLoader.swift in Sources */ = {isa = PBXBuildFile; fileRef = A210179425977C3F004BF7C2 /* URLImageLoader.swift */; };
		A210179925977CC5004BF7C2 /* URLImage.swift in Sources */ = {isa = PBXBuildFile; fileRef = A210179825977CC5004BF7C2 /* URLImage.swift */; };
		A2C6777325973C2C003A3B25 /* tutorial_Combine_SwiftUIApp.swift in Sources */ = {isa = PBXBuildFile; fileRef = A2C6777225973C2C003A3B25 /* tutorial_Combine_SwiftUIApp.swift */; };
		A2C6777525973C2C003A3B25 /* ContentView.swift in Sources */ = {isa = PBXBuildFile; fileRef = A2C6777425973C2C003A3B25 /* ContentView.swift */; };
		A2C6777725973C2C003A3B25 /* Assets.xcassets in Resources */ = {isa = PBXBuildFile; fileRef = A2C6777625973C2C003A3B25 /* Assets.xcassets */; };
		A2C6777A25973C2C003A3B25 /* Preview Assets.xcassets in Resources */ = {isa = PBXBuildFile; fileRef = A2C6777925973C2C003A3B25 /* Preview Assets.xcassets */; };
		A2C6778525973C2C003A3B25 /* tutorial_Combine_SwiftUITests.swift in Sources */ = {isa = PBXBuildFile; fileRef = A2C6778425973C2C003A3B25 /* tutorial_Combine_SwiftUITests.swift */; };
		A2C6779025973C2D003A3B25 /* tutorial_Combine_SwiftUIUITests.swift in Sources */ = {isa = PBXBuildFile; fileRef = A2C6778F25973C2D003A3B25 /* tutorial_Combine_SwiftUIUITests.swift */; };
		A2EFADE125973EE5000EAEE6 /* Alamofire.framework in Frameworks */ = {isa = PBXBuildFile; fileRef = A2EFADE025973EE5000EAEE6 /* Alamofire.framework */; };
		A2EFADE225973EE5000EAEE6 /* Alamofire.framework in Embed Frameworks */ = {isa = PBXBuildFile; fileRef = A2EFADE025973EE5000EAEE6 /* Alamofire.framework */; settings = {ATTRIBUTES = (CodeSignOnCopy, RemoveHeadersOnCopy, ); }; };
/* End PBXBuildFile section */

/* Begin PBXContainerItemProxy section */
		A2C6778125973C2C003A3B25 /* PBXContainerItemProxy */ = {
			isa = PBXContainerItemProxy;
			containerPortal = A2C6776725973C2C003A3B25 /* Project object */;
			proxyType = 1;
			remoteGlobalIDString = A2C6776E25973C2C003A3B25;
			remoteInfo = tutorial_Combine_SwiftUI;
		};
		A2C6778C25973C2D003A3B25 /* PBXContainerItemProxy */ = {
			isa = PBXContainerItemProxy;
			containerPortal = A2C6776725973C2C003A3B25 /* Project object */;
			proxyType = 1;
			remoteGlobalIDString = A2C6776E25973C2C003A3B25;
			remoteInfo = tutorial_Combine_SwiftUI;
		};
/* End PBXContainerItemProxy section */

/* Begin PBXCopyFilesBuildPhase section */
		A2EFADE325973EE5000EAEE6 /* Embed Frameworks */ = {
			isa = PBXCopyFilesBuildPhase;
			buildActionMask = 2147483647;
			dstPath = "";
			dstSubfolderSpec = 10;
			files = (
				A2EFADE225973EE5000EAEE6 /* Alamofire.framework in Embed Frameworks */,
			);
			name = "Embed Frameworks";
			runOnlyForDeploymentPostprocessing = 0;
		};
/* End PBXCopyFilesBuildPhase section */

/* Begin PBXFileReference section */
		A2101744259743BB004BF7C2 /* APIClient.swift */ = {isa = PBXFileReference; lastKnownFileType = sourcecode.swift; path = APIClient.swift; sourceTree = "<group>"; };
		A210174A259746D2004BF7C2 /* APIError.swift */ = {isa = PBXFileReference; lastKnownFileType = sourcecode.swift; path = APIError.swift; sourceTree = "<group>"; };
		A210174E25974E16004BF7C2 /* APIProtocol.swift */ = {isa = PBXFileReference; lastKnownFileType = sourcecode.swift; path = APIProtocol.swift; sourceTree = "<group>"; };
		A21017542597531C004BF7C2 /* APIConstant.swift */ = {isa = PBXFileReference; lastKnownFileType = sourcecode.swift; path = APIConstant.swift; sourceTree = "<group>"; };
		A210175925975515004BF7C2 /* User.swift */ = {isa = PBXFileReference; lastKnownFileType = sourcecode.swift; path = User.swift; sourceTree = "<group>"; };
		A210175F259755A9004BF7C2 /* QiitaItem.swift */ = {isa = PBXFileReference; lastKnownFileType = sourcecode.swift; path = QiitaItem.swift; sourceTree = "<group>"; };
		A210176325975607004BF7C2 /* Tag.swift */ = {isa = PBXFileReference; lastKnownFileType = sourcecode.swift; path = Tag.swift; sourceTree = "<group>"; };
		A210176825975672004BF7C2 /* QiitaItemRequest.swift */ = {isa = PBXFileReference; lastKnownFileType = sourcecode.swift; path = QiitaItemRequest.swift; sourceTree = "<group>"; };
		A210176F25975A56004BF7C2 /* ViewModel.swift */ = {isa = PBXFileReference; lastKnownFileType = sourcecode.swift; path = ViewModel.swift; sourceTree = "<group>"; };
		A210177625975C33004BF7C2 /* Repository.swift */ = {isa = PBXFileReference; lastKnownFileType = sourcecode.swift; path = Repository.swift; sourceTree = "<group>"; };
		A210177D25975CCD004BF7C2 /* UseCase.swift */ = {isa = PBXFileReference; lastKnownFileType = sourcecode.swift; path = UseCase.swift; sourceTree = "<group>"; };
		A210178325975E75004BF7C2 /* ListView.swift */ = {isa = PBXFileReference; lastKnownFileType = sourcecode.swift; path = ListView.swift; sourceTree = "<group>"; };
		A2101787259760E6004BF7C2 /* DetailView.swift */ = {isa = PBXFileReference; lastKnownFileType = sourcecode.swift; path = DetailView.swift; sourceTree = "<group>"; };
		A210179425977C3F004BF7C2 /* URLImageLoader.swift */ = {isa = PBXFileReference; lastKnownFileType = sourcecode.swift; path = URLImageLoader.swift; sourceTree = "<group>"; };
		A210179825977CC5004BF7C2 /* URLImage.swift */ = {isa = PBXFileReference; lastKnownFileType = sourcecode.swift; path = URLImage.swift; sourceTree = "<group>"; };
		A2C6776F25973C2C003A3B25 /* tutorial_Combine_SwiftUI.app */ = {isa = PBXFileReference; explicitFileType = wrapper.application; includeInIndex = 0; path = tutorial_Combine_SwiftUI.app; sourceTree = BUILT_PRODUCTS_DIR; };
		A2C6777225973C2C003A3B25 /* tutorial_Combine_SwiftUIApp.swift */ = {isa = PBXFileReference; lastKnownFileType = sourcecode.swift; path = tutorial_Combine_SwiftUIApp.swift; sourceTree = "<group>"; };
		A2C6777425973C2C003A3B25 /* ContentView.swift */ = {isa = PBXFileReference; lastKnownFileType = sourcecode.swift; path = ContentView.swift; sourceTree = "<group>"; };
		A2C6777625973C2C003A3B25 /* Assets.xcassets */ = {isa = PBXFileReference; lastKnownFileType = folder.assetcatalog; path = Assets.xcassets; sourceTree = "<group>"; };
		A2C6777925973C2C003A3B25 /* Preview Assets.xcassets */ = {isa = PBXFileReference; lastKnownFileType = folder.assetcatalog; path = "Preview Assets.xcassets"; sourceTree = "<group>"; };
		A2C6777B25973C2C003A3B25 /* Info.plist */ = {isa = PBXFileReference; lastKnownFileType = text.plist.xml; path = Info.plist; sourceTree = "<group>"; };
		A2C6778025973C2C003A3B25 /* tutorial_Combine_SwiftUITests.xctest */ = {isa = PBXFileReference; explicitFileType = wrapper.cfbundle; includeInIndex = 0; path = tutorial_Combine_SwiftUITests.xctest; sourceTree = BUILT_PRODUCTS_DIR; };
		A2C6778425973C2C003A3B25 /* tutorial_Combine_SwiftUITests.swift */ = {isa = PBXFileReference; lastKnownFileType = sourcecode.swift; path = tutorial_Combine_SwiftUITests.swift; sourceTree = "<group>"; };
		A2C6778625973C2C003A3B25 /* Info.plist */ = {isa = PBXFileReference; lastKnownFileType = text.plist.xml; path = Info.plist; sourceTree = "<group>"; };
		A2C6778B25973C2D003A3B25 /* tutorial_Combine_SwiftUIUITests.xctest */ = {isa = PBXFileReference; explicitFileType = wrapper.cfbundle; includeInIndex = 0; path = tutorial_Combine_SwiftUIUITests.xctest; sourceTree = BUILT_PRODUCTS_DIR; };
		A2C6778F25973C2D003A3B25 /* tutorial_Combine_SwiftUIUITests.swift */ = {isa = PBXFileReference; lastKnownFileType = sourcecode.swift; path = tutorial_Combine_SwiftUIUITests.swift; sourceTree = "<group>"; };
		A2C6779125973C2D003A3B25 /* Info.plist */ = {isa = PBXFileReference; lastKnownFileType = text.plist.xml; path = Info.plist; sourceTree = "<group>"; };
		A2EFADDF25973EB7000EAEE6 /* Alamofire.framework.dSYM */ = {isa = PBXFileReference; lastKnownFileType = wrapper.dsym; name = Alamofire.framework.dSYM; path = Carthage/Build/iOS/Alamofire.framework.dSYM; sourceTree = "<group>"; };
		A2EFADE025973EE5000EAEE6 /* Alamofire.framework */ = {isa = PBXFileReference; lastKnownFileType = wrapper.framework; name = Alamofire.framework; path = Carthage/Build/iOS/Alamofire.framework; sourceTree = "<group>"; };
/* End PBXFileReference section */

/* Begin PBXFrameworksBuildPhase section */
		A2C6776C25973C2C003A3B25 /* Frameworks */ = {
			isa = PBXFrameworksBuildPhase;
			buildActionMask = 2147483647;
			files = (
				A2EFADE125973EE5000EAEE6 /* Alamofire.framework in Frameworks */,
			);
			runOnlyForDeploymentPostprocessing = 0;
		};
		A2C6777D25973C2C003A3B25 /* Frameworks */ = {
			isa = PBXFrameworksBuildPhase;
			buildActionMask = 2147483647;
			files = (
			);
			runOnlyForDeploymentPostprocessing = 0;
		};
		A2C6778825973C2D003A3B25 /* Frameworks */ = {
			isa = PBXFrameworksBuildPhase;
			buildActionMask = 2147483647;
			files = (
			);
			runOnlyForDeploymentPostprocessing = 0;
		};
/* End PBXFrameworksBuildPhase section */

/* Begin PBXGroup section */
		A2101743259743A9004BF7C2 /* API */ = {
			isa = PBXGroup;
			children = (
				A2101744259743BB004BF7C2 /* APIClient.swift */,
				A210174E25974E16004BF7C2 /* APIProtocol.swift */,
				A21017542597531C004BF7C2 /* APIConstant.swift */,
			);
			path = API;
			sourceTree = "<group>";
		};
		A210175825975506004BF7C2 /* Entity */ = {
			isa = PBXGroup;
			children = (
				A210175925975515004BF7C2 /* User.swift */,
				A210175F259755A9004BF7C2 /* QiitaItem.swift */,
				A210176325975607004BF7C2 /* Tag.swift */,
			);
			path = Entity;
			sourceTree = "<group>";
		};
		A210176725975653004BF7C2 /* Request */ = {
			isa = PBXGroup;
			children = (
				A210176825975672004BF7C2 /* QiitaItemRequest.swift */,
			);
			path = Request;
			sourceTree = "<group>";
		};
		A210176E25975A42004BF7C2 /* ViewModel */ = {
			isa = PBXGroup;
			children = (
				A210176F25975A56004BF7C2 /* ViewModel.swift */,
				A210179425977C3F004BF7C2 /* URLImageLoader.swift */,
			);
			path = ViewModel;
			sourceTree = "<group>";
		};
		A210177525975C16004BF7C2 /* Repository */ = {
			isa = PBXGroup;
			children = (
				A210177625975C33004BF7C2 /* Repository.swift */,
			);
			path = Repository;
			sourceTree = "<group>";
		};
		A210177C25975CC1004BF7C2 /* UseCase */ = {
			isa = PBXGroup;
			children = (
				A210177D25975CCD004BF7C2 /* UseCase.swift */,
			);
			path = UseCase;
			sourceTree = "<group>";
		};
		A210178B25976F7F004BF7C2 /* DataLayer */ = {
			isa = PBXGroup;
			children = (
				A2101743259743A9004BF7C2 /* API */,
				A210176725975653004BF7C2 /* Request */,
				A210178C25976FB0004BF7C2 /* Error */,
				A210177525975C16004BF7C2 /* Repository */,
			);
			path = DataLayer;
			sourceTree = "<group>";
		};
		A210178C25976FB0004BF7C2 /* Error */ = {
			isa = PBXGroup;
			children = (
				A210174A259746D2004BF7C2 /* APIError.swift */,
			);
			path = Error;
			sourceTree = "<group>";
		};
		A210178D25976FD9004BF7C2 /* DomainLayer */ = {
			isa = PBXGroup;
			children = (
				A210177C25975CC1004BF7C2 /* UseCase */,
				A210175825975506004BF7C2 /* Entity */,
			);
			path = DomainLayer;
			sourceTree = "<group>";
		};
		A210179025977010004BF7C2 /* PresentationLayer */ = {
			isa = PBXGroup;
			children = (
				A210179125977038004BF7C2 /* View */,
				A210176E25975A42004BF7C2 /* ViewModel */,
			);
			path = PresentationLayer;
			sourceTree = "<group>";
		};
		A210179125977038004BF7C2 /* View */ = {
			isa = PBXGroup;
			children = (
				A2C6777425973C2C003A3B25 /* ContentView.swift */,
				A210178325975E75004BF7C2 /* ListView.swift */,
				A2101787259760E6004BF7C2 /* DetailView.swift */,
				A210179825977CC5004BF7C2 /* URLImage.swift */,
			);
			path = View;
			sourceTree = "<group>";
		};
		A2C6776625973C2C003A3B25 = {
			isa = PBXGroup;
			children = (
				A2C6777125973C2C003A3B25 /* tutorial_Combine_SwiftUI */,
				A2C6778325973C2C003A3B25 /* tutorial_Combine_SwiftUITests */,
				A2C6778E25973C2D003A3B25 /* tutorial_Combine_SwiftUIUITests */,
				A2C6777025973C2C003A3B25 /* Products */,
				A2EFADDE25973EB7000EAEE6 /* Frameworks */,
			);
			sourceTree = "<group>";
		};
		A2C6777025973C2C003A3B25 /* Products */ = {
			isa = PBXGroup;
			children = (
				A2C6776F25973C2C003A3B25 /* tutorial_Combine_SwiftUI.app */,
				A2C6778025973C2C003A3B25 /* tutorial_Combine_SwiftUITests.xctest */,
				A2C6778B25973C2D003A3B25 /* tutorial_Combine_SwiftUIUITests.xctest */,
			);
			name = Products;
			sourceTree = "<group>";
		};
		A2C6777125973C2C003A3B25 /* tutorial_Combine_SwiftUI */ = {
			isa = PBXGroup;
			children = (
				A210179025977010004BF7C2 /* PresentationLayer */,
				A210178D25976FD9004BF7C2 /* DomainLayer */,
				A210178B25976F7F004BF7C2 /* DataLayer */,
				A2C6777225973C2C003A3B25 /* tutorial_Combine_SwiftUIApp.swift */,
				A2C6777625973C2C003A3B25 /* Assets.xcassets */,
				A2C6777B25973C2C003A3B25 /* Info.plist */,
				A2C6777825973C2C003A3B25 /* Preview Content */,
			);
			path = tutorial_Combine_SwiftUI;
			sourceTree = "<group>";
		};
		A2C6777825973C2C003A3B25 /* Preview Content */ = {
			isa = PBXGroup;
			children = (
				A2C6777925973C2C003A3B25 /* Preview Assets.xcassets */,
			);
			path = "Preview Content";
			sourceTree = "<group>";
		};
		A2C6778325973C2C003A3B25 /* tutorial_Combine_SwiftUITests */ = {
			isa = PBXGroup;
			children = (
				A2C6778425973C2C003A3B25 /* tutorial_Combine_SwiftUITests.swift */,
				A2C6778625973C2C003A3B25 /* Info.plist */,
			);
			path = tutorial_Combine_SwiftUITests;
			sourceTree = "<group>";
		};
		A2C6778E25973C2D003A3B25 /* tutorial_Combine_SwiftUIUITests */ = {
			isa = PBXGroup;
			children = (
				A2C6778F25973C2D003A3B25 /* tutorial_Combine_SwiftUIUITests.swift */,
				A2C6779125973C2D003A3B25 /* Info.plist */,
			);
			path = tutorial_Combine_SwiftUIUITests;
			sourceTree = "<group>";
		};
		A2EFADDE25973EB7000EAEE6 /* Frameworks */ = {
			isa = PBXGroup;
			children = (
				A2EFADE025973EE5000EAEE6 /* Alamofire.framework */,
				A2EFADDF25973EB7000EAEE6 /* Alamofire.framework.dSYM */,
			);
			name = Frameworks;
			sourceTree = "<group>";
		};
/* End PBXGroup section */

/* Begin PBXNativeTarget section */
		A2C6776E25973C2C003A3B25 /* tutorial_Combine_SwiftUI */ = {
			isa = PBXNativeTarget;
			buildConfigurationList = A2C6779425973C2D003A3B25 /* Build configuration list for PBXNativeTarget "tutorial_Combine_SwiftUI" */;
			buildPhases = (
				A2C6776B25973C2C003A3B25 /* Sources */,
				A2C6776C25973C2C003A3B25 /* Frameworks */,
				A2C6776D25973C2C003A3B25 /* Resources */,
				A2EFADE325973EE5000EAEE6 /* Embed Frameworks */,
				A2EFADE425973EFD000EAEE6 /* ShellScript */,
			);
			buildRules = (
			);
			dependencies = (
			);
			name = tutorial_Combine_SwiftUI;
			productName = tutorial_Combine_SwiftUI;
			productReference = A2C6776F25973C2C003A3B25 /* tutorial_Combine_SwiftUI.app */;
			productType = "com.apple.product-type.application";
		};
		A2C6777F25973C2C003A3B25 /* tutorial_Combine_SwiftUITests */ = {
			isa = PBXNativeTarget;
			buildConfigurationList = A2C6779725973C2D003A3B25 /* Build configuration list for PBXNativeTarget "tutorial_Combine_SwiftUITests" */;
			buildPhases = (
				A2C6777C25973C2C003A3B25 /* Sources */,
				A2C6777D25973C2C003A3B25 /* Frameworks */,
				A2C6777E25973C2C003A3B25 /* Resources */,
			);
			buildRules = (
			);
			dependencies = (
				A2C6778225973C2C003A3B25 /* PBXTargetDependency */,
			);
			name = tutorial_Combine_SwiftUITests;
			productName = tutorial_Combine_SwiftUITests;
			productReference = A2C6778025973C2C003A3B25 /* tutorial_Combine_SwiftUITests.xctest */;
			productType = "com.apple.product-type.bundle.unit-test";
		};
		A2C6778A25973C2D003A3B25 /* tutorial_Combine_SwiftUIUITests */ = {
			isa = PBXNativeTarget;
			buildConfigurationList = A2C6779A25973C2D003A3B25 /* Build configuration list for PBXNativeTarget "tutorial_Combine_SwiftUIUITests" */;
			buildPhases = (
				A2C6778725973C2D003A3B25 /* Sources */,
				A2C6778825973C2D003A3B25 /* Frameworks */,
				A2C6778925973C2D003A3B25 /* Resources */,
			);
			buildRules = (
			);
			dependencies = (
				A2C6778D25973C2D003A3B25 /* PBXTargetDependency */,
			);
			name = tutorial_Combine_SwiftUIUITests;
			productName = tutorial_Combine_SwiftUIUITests;
			productReference = A2C6778B25973C2D003A3B25 /* tutorial_Combine_SwiftUIUITests.xctest */;
			productType = "com.apple.product-type.bundle.ui-testing";
		};
/* End PBXNativeTarget section */

/* Begin PBXProject section */
		A2C6776725973C2C003A3B25 /* Project object */ = {
			isa = PBXProject;
			attributes = {
				LastSwiftUpdateCheck = 1220;
				LastUpgradeCheck = 1220;
				TargetAttributes = {
					A2C6776E25973C2C003A3B25 = {
						CreatedOnToolsVersion = 12.2;
					};
					A2C6777F25973C2C003A3B25 = {
						CreatedOnToolsVersion = 12.2;
						TestTargetID = A2C6776E25973C2C003A3B25;
					};
					A2C6778A25973C2D003A3B25 = {
						CreatedOnToolsVersion = 12.2;
						TestTargetID = A2C6776E25973C2C003A3B25;
					};
				};
			};
			buildConfigurationList = A2C6776A25973C2C003A3B25 /* Build configuration list for PBXProject "tutorial_Combine_SwiftUI" */;
			compatibilityVersion = "Xcode 9.3";
			developmentRegion = en;
			hasScannedForEncodings = 0;
			knownRegions = (
				en,
				Base,
			);
			mainGroup = A2C6776625973C2C003A3B25;
			productRefGroup = A2C6777025973C2C003A3B25 /* Products */;
			projectDirPath = "";
			projectRoot = "";
			targets = (
				A2C6776E25973C2C003A3B25 /* tutorial_Combine_SwiftUI */,
				A2C6777F25973C2C003A3B25 /* tutorial_Combine_SwiftUITests */,
				A2C6778A25973C2D003A3B25 /* tutorial_Combine_SwiftUIUITests */,
			);
		};
/* End PBXProject section */

/* Begin PBXResourcesBuildPhase section */
		A2C6776D25973C2C003A3B25 /* Resources */ = {
			isa = PBXResourcesBuildPhase;
			buildActionMask = 2147483647;
			files = (
				A2C6777A25973C2C003A3B25 /* Preview Assets.xcassets in Resources */,
				A2C6777725973C2C003A3B25 /* Assets.xcassets in Resources */,
			);
			runOnlyForDeploymentPostprocessing = 0;
		};
		A2C6777E25973C2C003A3B25 /* Resources */ = {
			isa = PBXResourcesBuildPhase;
			buildActionMask = 2147483647;
			files = (
			);
			runOnlyForDeploymentPostprocessing = 0;
		};
		A2C6778925973C2D003A3B25 /* Resources */ = {
			isa = PBXResourcesBuildPhase;
			buildActionMask = 2147483647;
			files = (
			);
			runOnlyForDeploymentPostprocessing = 0;
		};
/* End PBXResourcesBuildPhase section */

/* Begin PBXShellScriptBuildPhase section */
		A2EFADE425973EFD000EAEE6 /* ShellScript */ = {
			isa = PBXShellScriptBuildPhase;
			buildActionMask = 2147483647;
			files = (
			);
			inputFileListPaths = (
			);
			inputPaths = (
				"$(SRCROOT)/Carthage/Build/iOS/Alamofire.framework",
			);
			outputFileListPaths = (
			);
			outputPaths = (
			);
			runOnlyForDeploymentPostprocessing = 0;
			shellPath = /bin/sh;
			shellScript = "# Type a script or drag a script file from your workspace to insert its path.\n/usr/local/bin/carthage copy-frameworks\n";
		};
/* End PBXShellScriptBuildPhase section */

/* Begin PBXSourcesBuildPhase section */
		A2C6776B25973C2C003A3B25 /* Sources */ = {
			isa = PBXSourcesBuildPhase;
			buildActionMask = 2147483647;
			files = (
				A2C6777525973C2C003A3B25 /* ContentView.swift in Sources */,
				A2101760259755A9004BF7C2 /* QiitaItem.swift in Sources */,
				A210174B259746D2004BF7C2 /* APIError.swift in Sources */,
				A210177025975A56004BF7C2 /* ViewModel.swift in Sources */,
				A21017552597531C004BF7C2 /* APIConstant.swift in Sources */,
				A2C6777325973C2C003A3B25 /* tutorial_Combine_SwiftUIApp.swift in Sources */,
				A210177E25975CCD004BF7C2 /* UseCase.swift in Sources */,
				A210174F25974E16004BF7C2 /* APIProtocol.swift in Sources */,
				A210179925977CC5004BF7C2 /* URLImage.swift in Sources */,
				A210176425975607004BF7C2 /* Tag.swift in Sources */,
				A2101745259743BB004BF7C2 /* APIClient.swift in Sources */,
				A210178425975E75004BF7C2 /* ListView.swift in Sources */,
				A210175A25975515004BF7C2 /* User.swift in Sources */,
				A210179525977C3F004BF7C2 /* URLImageLoader.swift in Sources */,
				A210176925975672004BF7C2 /* QiitaItemRequest.swift in Sources */,
				A2101788259760E6004BF7C2 /* DetailView.swift in Sources */,
				A210177725975C33004BF7C2 /* Repository.swift in Sources */,
			);
			runOnlyForDeploymentPostprocessing = 0;
		};
		A2C6777C25973C2C003A3B25 /* Sources */ = {
			isa = PBXSourcesBuildPhase;
			buildActionMask = 2147483647;
			files = (
				A2C6778525973C2C003A3B25 /* tutorial_Combine_SwiftUITests.swift in Sources */,
			);
			runOnlyForDeploymentPostprocessing = 0;
		};
		A2C6778725973C2D003A3B25 /* Sources */ = {
			isa = PBXSourcesBuildPhase;
			buildActionMask = 2147483647;
			files = (
				A2C6779025973C2D003A3B25 /* tutorial_Combine_SwiftUIUITests.swift in Sources */,
			);
			runOnlyForDeploymentPostprocessing = 0;
		};
/* End PBXSourcesBuildPhase section */

/* Begin PBXTargetDependency section */
		A2C6778225973C2C003A3B25 /* PBXTargetDependency */ = {
			isa = PBXTargetDependency;
			target = A2C6776E25973C2C003A3B25 /* tutorial_Combine_SwiftUI */;
			targetProxy = A2C6778125973C2C003A3B25 /* PBXContainerItemProxy */;
		};
		A2C6778D25973C2D003A3B25 /* PBXTargetDependency */ = {
			isa = PBXTargetDependency;
			target = A2C6776E25973C2C003A3B25 /* tutorial_Combine_SwiftUI */;
			targetProxy = A2C6778C25973C2D003A3B25 /* PBXContainerItemProxy */;
		};
/* End PBXTargetDependency section */

/* Begin XCBuildConfiguration section */
		A2C6779225973C2D003A3B25 /* Debug */ = {
			isa = XCBuildConfiguration;
			buildSettings = {
				ALWAYS_SEARCH_USER_PATHS = NO;
				CLANG_ANALYZER_NONNULL = YES;
				CLANG_ANALYZER_NUMBER_OBJECT_CONVERSION = YES_AGGRESSIVE;
				CLANG_CXX_LANGUAGE_STANDARD = "gnu++14";
				CLANG_CXX_LIBRARY = "libc++";
				CLANG_ENABLE_MODULES = YES;
				CLANG_ENABLE_OBJC_ARC = YES;
				CLANG_ENABLE_OBJC_WEAK = YES;
				CLANG_WARN_BLOCK_CAPTURE_AUTORELEASING = YES;
				CLANG_WARN_BOOL_CONVERSION = YES;
				CLANG_WARN_COMMA = YES;
				CLANG_WARN_CONSTANT_CONVERSION = YES;
				CLANG_WARN_DEPRECATED_OBJC_IMPLEMENTATIONS = YES;
				CLANG_WARN_DIRECT_OBJC_ISA_USAGE = YES_ERROR;
				CLANG_WARN_DOCUMENTATION_COMMENTS = YES;
				CLANG_WARN_EMPTY_BODY = YES;
				CLANG_WARN_ENUM_CONVERSION = YES;
				CLANG_WARN_INFINITE_RECURSION = YES;
				CLANG_WARN_INT_CONVERSION = YES;
				CLANG_WARN_NON_LITERAL_NULL_CONVERSION = YES;
				CLANG_WARN_OBJC_IMPLICIT_RETAIN_SELF = YES;
				CLANG_WARN_OBJC_LITERAL_CONVERSION = YES;
				CLANG_WARN_OBJC_ROOT_CLASS = YES_ERROR;
				CLANG_WARN_QUOTED_INCLUDE_IN_FRAMEWORK_HEADER = YES;
				CLANG_WARN_RANGE_LOOP_ANALYSIS = YES;
				CLANG_WARN_STRICT_PROTOTYPES = YES;
				CLANG_WARN_SUSPICIOUS_MOVE = YES;
				CLANG_WARN_UNGUARDED_AVAILABILITY = YES_AGGRESSIVE;
				CLANG_WARN_UNREACHABLE_CODE = YES;
				CLANG_WARN__DUPLICATE_METHOD_MATCH = YES;
				COPY_PHASE_STRIP = NO;
				DEBUG_INFORMATION_FORMAT = dwarf;
				ENABLE_STRICT_OBJC_MSGSEND = YES;
				ENABLE_TESTABILITY = YES;
				GCC_C_LANGUAGE_STANDARD = gnu11;
				GCC_DYNAMIC_NO_PIC = NO;
				GCC_NO_COMMON_BLOCKS = YES;
				GCC_OPTIMIZATION_LEVEL = 0;
				GCC_PREPROCESSOR_DEFINITIONS = (
					"DEBUG=1",
					"$(inherited)",
				);
				GCC_WARN_64_TO_32_BIT_CONVERSION = YES;
				GCC_WARN_ABOUT_RETURN_TYPE = YES_ERROR;
				GCC_WARN_UNDECLARED_SELECTOR = YES;
				GCC_WARN_UNINITIALIZED_AUTOS = YES_AGGRESSIVE;
				GCC_WARN_UNUSED_FUNCTION = YES;
				GCC_WARN_UNUSED_VARIABLE = YES;
				IPHONEOS_DEPLOYMENT_TARGET = 14.2;
				MTL_ENABLE_DEBUG_INFO = INCLUDE_SOURCE;
				MTL_FAST_MATH = YES;
				ONLY_ACTIVE_ARCH = YES;
				SDKROOT = iphoneos;
				SWIFT_ACTIVE_COMPILATION_CONDITIONS = DEBUG;
				SWIFT_OPTIMIZATION_LEVEL = "-Onone";
			};
			name = Debug;
		};
		A2C6779325973C2D003A3B25 /* Release */ = {
			isa = XCBuildConfiguration;
			buildSettings = {
				ALWAYS_SEARCH_USER_PATHS = NO;
				CLANG_ANALYZER_NONNULL = YES;
				CLANG_ANALYZER_NUMBER_OBJECT_CONVERSION = YES_AGGRESSIVE;
				CLANG_CXX_LANGUAGE_STANDARD = "gnu++14";
				CLANG_CXX_LIBRARY = "libc++";
				CLANG_ENABLE_MODULES = YES;
				CLANG_ENABLE_OBJC_ARC = YES;
				CLANG_ENABLE_OBJC_WEAK = YES;
				CLANG_WARN_BLOCK_CAPTURE_AUTORELEASING = YES;
				CLANG_WARN_BOOL_CONVERSION = YES;
				CLANG_WARN_COMMA = YES;
				CLANG_WARN_CONSTANT_CONVERSION = YES;
				CLANG_WARN_DEPRECATED_OBJC_IMPLEMENTATIONS = YES;
				CLANG_WARN_DIRECT_OBJC_ISA_USAGE = YES_ERROR;
				CLANG_WARN_DOCUMENTATION_COMMENTS = YES;
				CLANG_WARN_EMPTY_BODY = YES;
				CLANG_WARN_ENUM_CONVERSION = YES;
				CLANG_WARN_INFINITE_RECURSION = YES;
				CLANG_WARN_INT_CONVERSION = YES;
				CLANG_WARN_NON_LITERAL_NULL_CONVERSION = YES;
				CLANG_WARN_OBJC_IMPLICIT_RETAIN_SELF = YES;
				CLANG_WARN_OBJC_LITERAL_CONVERSION = YES;
				CLANG_WARN_OBJC_ROOT_CLASS = YES_ERROR;
				CLANG_WARN_QUOTED_INCLUDE_IN_FRAMEWORK_HEADER = YES;
				CLANG_WARN_RANGE_LOOP_ANALYSIS = YES;
				CLANG_WARN_STRICT_PROTOTYPES = YES;
				CLANG_WARN_SUSPICIOUS_MOVE = YES;
				CLANG_WARN_UNGUARDED_AVAILABILITY = YES_AGGRESSIVE;
				CLANG_WARN_UNREACHABLE_CODE = YES;
				CLANG_WARN__DUPLICATE_METHOD_MATCH = YES;
				COPY_PHASE_STRIP = NO;
				DEBUG_INFORMATION_FORMAT = "dwarf-with-dsym";
				ENABLE_NS_ASSERTIONS = NO;
				ENABLE_STRICT_OBJC_MSGSEND = YES;
				GCC_C_LANGUAGE_STANDARD = gnu11;
				GCC_NO_COMMON_BLOCKS = YES;
				GCC_WARN_64_TO_32_BIT_CONVERSION = YES;
				GCC_WARN_ABOUT_RETURN_TYPE = YES_ERROR;
				GCC_WARN_UNDECLARED_SELECTOR = YES;
				GCC_WARN_UNINITIALIZED_AUTOS = YES_AGGRESSIVE;
				GCC_WARN_UNUSED_FUNCTION = YES;
				GCC_WARN_UNUSED_VARIABLE = YES;
				IPHONEOS_DEPLOYMENT_TARGET = 14.2;
				MTL_ENABLE_DEBUG_INFO = NO;
				MTL_FAST_MATH = YES;
				SDKROOT = iphoneos;
				SWIFT_COMPILATION_MODE = wholemodule;
				SWIFT_OPTIMIZATION_LEVEL = "-O";
				VALIDATE_PRODUCT = YES;
			};
			name = Release;
		};
		A2C6779525973C2D003A3B25 /* Debug */ = {
			isa = XCBuildConfiguration;
			buildSettings = {
				ASSETCATALOG_COMPILER_APPICON_NAME = AppIcon;
				ASSETCATALOG_COMPILER_GLOBAL_ACCENT_COLOR_NAME = AccentColor;
				CODE_SIGN_STYLE = Automatic;
				DEVELOPMENT_ASSET_PATHS = "\"tutorial_Combine_SwiftUI/Preview Content\"";
				DEVELOPMENT_TEAM = WCRE7XME38;
				ENABLE_PREVIEWS = YES;
				FRAMEWORK_SEARCH_PATHS = (
					"$(inherited)",
					"$(PROJECT_DIR)/Carthage/Build/iOS",
				);
				INFOPLIST_FILE = tutorial_Combine_SwiftUI/Info.plist;
				IPHONEOS_DEPLOYMENT_TARGET = 14.0;
				LD_RUNPATH_SEARCH_PATHS = (
					"$(inherited)",
					"@executable_path/Frameworks",
				);
				PRODUCT_BUNDLE_IDENTIFIER = "sEmoto.practice.tutorial-Combine-SwiftUI";
				PRODUCT_NAME = "$(TARGET_NAME)";
				SWIFT_VERSION = 5.0;
				TARGETED_DEVICE_FAMILY = "1,2";
			};
			name = Debug;
		};
		A2C6779625973C2D003A3B25 /* Release */ = {
			isa = XCBuildConfiguration;
			buildSettings = {
				ASSETCATALOG_COMPILER_APPICON_NAME = AppIcon;
				ASSETCATALOG_COMPILER_GLOBAL_ACCENT_COLOR_NAME = AccentColor;
				CODE_SIGN_STYLE = Automatic;
				DEVELOPMENT_ASSET_PATHS = "\"tutorial_Combine_SwiftUI/Preview Content\"";
				DEVELOPMENT_TEAM = WCRE7XME38;
				ENABLE_PREVIEWS = YES;
				FRAMEWORK_SEARCH_PATHS = (
					"$(inherited)",
					"$(PROJECT_DIR)/Carthage/Build/iOS",
				);
				INFOPLIST_FILE = tutorial_Combine_SwiftUI/Info.plist;
				IPHONEOS_DEPLOYMENT_TARGET = 14.0;
				LD_RUNPATH_SEARCH_PATHS = (
					"$(inherited)",
					"@executable_path/Frameworks",
				);
				PRODUCT_BUNDLE_IDENTIFIER = "sEmoto.practice.tutorial-Combine-SwiftUI";
				PRODUCT_NAME = "$(TARGET_NAME)";
				SWIFT_VERSION = 5.0;
				TARGETED_DEVICE_FAMILY = "1,2";
			};
			name = Release;
		};
		A2C6779825973C2D003A3B25 /* Debug */ = {
			isa = XCBuildConfiguration;
			buildSettings = {
				ALWAYS_EMBED_SWIFT_STANDARD_LIBRARIES = YES;
				BUNDLE_LOADER = "$(TEST_HOST)";
				CODE_SIGN_STYLE = Automatic;
				DEVELOPMENT_TEAM = WCRE7XME38;
				INFOPLIST_FILE = tutorial_Combine_SwiftUITests/Info.plist;
				IPHONEOS_DEPLOYMENT_TARGET = 14.0;
				LD_RUNPATH_SEARCH_PATHS = (
					"$(inherited)",
					"@executable_path/Frameworks",
					"@loader_path/Frameworks",
				);
				PRODUCT_BUNDLE_IDENTIFIER = "sEmoto.practice.tutorial-Combine-SwiftUITests";
				PRODUCT_NAME = "$(TARGET_NAME)";
				SWIFT_VERSION = 5.0;
				TARGETED_DEVICE_FAMILY = "1,2";
				TEST_HOST = "$(BUILT_PRODUCTS_DIR)/tutorial_Combine_SwiftUI.app/tutorial_Combine_SwiftUI";
			};
			name = Debug;
		};
		A2C6779925973C2D003A3B25 /* Release */ = {
			isa = XCBuildConfiguration;
			buildSettings = {
				ALWAYS_EMBED_SWIFT_STANDARD_LIBRARIES = YES;
				BUNDLE_LOADER = "$(TEST_HOST)";
				CODE_SIGN_STYLE = Automatic;
				DEVELOPMENT_TEAM = WCRE7XME38;
				INFOPLIST_FILE = tutorial_Combine_SwiftUITests/Info.plist;
				IPHONEOS_DEPLOYMENT_TARGET = 14.0;
				LD_RUNPATH_SEARCH_PATHS = (
					"$(inherited)",
					"@executable_path/Frameworks",
					"@loader_path/Frameworks",
				);
				PRODUCT_BUNDLE_IDENTIFIER = "sEmoto.practice.tutorial-Combine-SwiftUITests";
				PRODUCT_NAME = "$(TARGET_NAME)";
				SWIFT_VERSION = 5.0;
				TARGETED_DEVICE_FAMILY = "1,2";
				TEST_HOST = "$(BUILT_PRODUCTS_DIR)/tutorial_Combine_SwiftUI.app/tutorial_Combine_SwiftUI";
			};
			name = Release;
		};
		A2C6779B25973C2D003A3B25 /* Debug */ = {
			isa = XCBuildConfiguration;
			buildSettings = {
				ALWAYS_EMBED_SWIFT_STANDARD_LIBRARIES = YES;
				CODE_SIGN_STYLE = Automatic;
				DEVELOPMENT_TEAM = WCRE7XME38;
				INFOPLIST_FILE = tutorial_Combine_SwiftUIUITests/Info.plist;
				LD_RUNPATH_SEARCH_PATHS = (
					"$(inherited)",
					"@executable_path/Frameworks",
					"@loader_path/Frameworks",
				);
				PRODUCT_BUNDLE_IDENTIFIER = "sEmoto.practice.tutorial-Combine-SwiftUIUITests";
				PRODUCT_NAME = "$(TARGET_NAME)";
				SWIFT_VERSION = 5.0;
				TARGETED_DEVICE_FAMILY = "1,2";
				TEST_TARGET_NAME = tutorial_Combine_SwiftUI;
			};
			name = Debug;
		};
		A2C6779C25973C2D003A3B25 /* Release */ = {
			isa = XCBuildConfiguration;
			buildSettings = {
				ALWAYS_EMBED_SWIFT_STANDARD_LIBRARIES = YES;
				CODE_SIGN_STYLE = Automatic;
				DEVELOPMENT_TEAM = WCRE7XME38;
				INFOPLIST_FILE = tutorial_Combine_SwiftUIUITests/Info.plist;
				LD_RUNPATH_SEARCH_PATHS = (
					"$(inherited)",
					"@executable_path/Frameworks",
					"@loader_path/Frameworks",
				);
				PRODUCT_BUNDLE_IDENTIFIER = "sEmoto.practice.tutorial-Combine-SwiftUIUITests";
				PRODUCT_NAME = "$(TARGET_NAME)";
				SWIFT_VERSION = 5.0;
				TARGETED_DEVICE_FAMILY = "1,2";
				TEST_TARGET_NAME = tutorial_Combine_SwiftUI;
			};
			name = Release;
		};
/* End XCBuildConfiguration section */

/* Begin XCConfigurationList section */
		A2C6776A25973C2C003A3B25 /* Build configuration list for PBXProject "tutorial_Combine_SwiftUI" */ = {
			isa = XCConfigurationList;
			buildConfigurations = (
				A2C6779225973C2D003A3B25 /* Debug */,
				A2C6779325973C2D003A3B25 /* Release */,
			);
			defaultConfigurationIsVisible = 0;
			defaultConfigurationName = Release;
		};
		A2C6779425973C2D003A3B25 /* Build configuration list for PBXNativeTarget "tutorial_Combine_SwiftUI" */ = {
			isa = XCConfigurationList;
			buildConfigurations = (
				A2C6779525973C2D003A3B25 /* Debug */,
				A2C6779625973C2D003A3B25 /* Release */,
			);
			defaultConfigurationIsVisible = 0;
			defaultConfigurationName = Release;
		};
		A2C6779725973C2D003A3B25 /* Build configuration list for PBXNativeTarget "tutorial_Combine_SwiftUITests" */ = {
			isa = XCConfigurationList;
			buildConfigurations = (
				A2C6779825973C2D003A3B25 /* Debug */,
				A2C6779925973C2D003A3B25 /* Release */,
			);
			defaultConfigurationIsVisible = 0;
			defaultConfigurationName = Release;
		};
		A2C6779A25973C2D003A3B25 /* Build configuration list for PBXNativeTarget "tutorial_Combine_SwiftUIUITests" */ = {
			isa = XCConfigurationList;
			buildConfigurations = (
				A2C6779B25973C2D003A3B25 /* Debug */,
				A2C6779C25973C2D003A3B25 /* Release */,
			);
			defaultConfigurationIsVisible = 0;
			defaultConfigurationName = Release;
		};
/* End XCConfigurationList section */
	};
	rootObject = A2C6776725973C2C003A3B25 /* Project object */;
}
